
Microsoft Visual Studio Solution File, Format Version 12.00
# Visual Studio Version 17
VisualStudioVersion = 17.2.32630.192
MinimumVisualStudioVersion = 10.0.40219.1
Project("{9A19103F-16F7-4668-BE54-9A1E7A4F7556}") = "R5T.F0135", "R5T.F0135\R5T.F0135.csproj", "{725B71DC-8930-406D-BEB1-C85B8C18750B}"
EndProject
Project("{2150E333-8FDC-42A3-9474-1A3956D46DE8}") = "_Dependencies", "_Dependencies", "{F57BB94D-C753-44E6-8E21-EADC76F29F46}"
EndProject
Project("{9A19103F-16F7-4668-BE54-9A1E7A4F7556}") = "R5T.F0000", "..\..\R5T.F0000\source\R5T.F0000\R5T.F0000.csproj", "{4D7ACB5C-009D-4B38-98DB-02F3FC693ABE}"
EndProject
Project("{9A19103F-16F7-4668-BE54-9A1E7A4F7556}") = "R5T.F0002", "..\..\R5T.F0002\source\R5T.F0002\R5T.F0002.csproj", "{73382A61-4D50-4C12-BC6D-FD37EBCF13C5}"
EndProject
Project("{9A19103F-16F7-4668-BE54-9A1E7A4F7556}") = "R5T.F0120", "..\..\R5T.F0120\source\R5T.F0120\R5T.F0120.csproj", "{11507D9C-D247-46D9-BCC5-31D86D9AB3E0}"
EndProject
Project("{9A19103F-16F7-4668-BE54-9A1E7A4F7556}") = "R5T.F0124", "..\..\R5T.F0124\source\R5T.F0124\R5T.F0124.csproj", "{1093AD2E-E6D4-41BB-B2A4-E89998AD4948}"
EndProject
Project("{9A19103F-16F7-4668-BE54-9A1E7A4F7556}") = "R5T.F0125", "..\..\R5T.F0125\source\R5T.F0125\R5T.F0125.csproj", "{EF4C1274-29AA-4421-86AD-36F7C08E72CD}"
EndProject
Project("{9A19103F-16F7-4668-BE54-9A1E7A4F7556}") = "R5T.L0030.T000", "..\..\R5T.L0030\source\R5T.L0030.T000\R5T.L0030.T000.csproj", "{73337EC4-3740-4458-873D-D96F0630292D}"
EndProject
Project("{9A19103F-16F7-4668-BE54-9A1E7A4F7556}") = "R5T.L0030", "..\..\R5T.L0030\source\R5T.L0030\R5T.L0030.csproj", "{874E8D1E-943D-4EB7-9465-553D565DDBBA}"
EndProject
Project("{9A19103F-16F7-4668-BE54-9A1E7A4F7556}") = "R5T.L0034", "..\..\R5T.L0034\source\R5T.L0034\R5T.L0034.csproj", "{1F9808A9-40B2-47AE-9E69-A16D91F7C12C}"
EndProject
Project("{9A19103F-16F7-4668-BE54-9A1E7A4F7556}") = "R5T.L0035", "..\..\R5T.L0035\source\R5T.L0035\R5T.L0035.csproj", "{EAD0C011-CB81-4133-9BF7-D6E2C574ABDF}"
EndProject
Project("{9A19103F-16F7-4668-BE54-9A1E7A4F7556}") = "R5T.T0131", "..\..\R5T.T0131\source\R5T.T0131\R5T.T0131.csproj", "{8F9936AF-DE89-4BE5-B383-CFB75412D058}"
EndProject
Project("{9A19103F-16F7-4668-BE54-9A1E7A4F7556}") = "R5T.T0132", "..\..\R5T.T0132\source\R5T.T0132\R5T.T0132.csproj", "{54097E27-0638-4EF7-B664-176BB7B928D2}"
EndProject
Project("{9A19103F-16F7-4668-BE54-9A1E7A4F7556}") = "R5T.T0142", "..\..\R5T.T0142\source\R5T.T0142\R5T.T0142.csproj", "{60A6F201-3872-491F-B774-C5A99D3707A7}"
EndProject
Project("{9A19103F-16F7-4668-BE54-9A1E7A4F7556}") = "R5T.T0143", "..\..\R5T.T0143\source\R5T.T0143\R5T.T0143.csproj", "{79473EF6-6430-42F9-ACE6-1315936D7C06}"
EndProject
Project("{9A19103F-16F7-4668-BE54-9A1E7A4F7556}") = "R5T.T0156", "..\..\R5T.T0156\source\R5T.T0156\R5T.T0156.csproj", "{16255B1E-FD8B-44B2-9B2C-ADDD393FF368}"
EndProject
Project("{9A19103F-16F7-4668-BE54-9A1E7A4F7556}") = "R5T.T0174", "..\..\R5T.T0174\source\R5T.T0174\R5T.T0174.csproj", "{073565C6-B032-4039-94E1-E2D596333690}"
EndProject
Project("{9A19103F-16F7-4668-BE54-9A1E7A4F7556}") = "R5T.T0176", "..\..\R5T.T0176\source\R5T.T0176\R5T.T0176.csproj", "{8D0FD069-6920-4C2D-A3F0-8E6C8A2FF6F5}"
EndProject
Project("{9A19103F-16F7-4668-BE54-9A1E7A4F7556}") = "R5T.T0177", "..\..\R5T.T0177\source\R5T.T0177\R5T.T0177.csproj", "{6C76DBCA-44EC-4C80-932F-549E04D94908}"
EndProject
Project("{9A19103F-16F7-4668-BE54-9A1E7A4F7556}") = "R5T.T0178", "..\..\R5T.T0178\source\R5T.T0178\R5T.T0178.csproj", "{41E5C345-8BCF-4AEE-9DA0-E6FE3929101F}"
EndProject
Project("{9A19103F-16F7-4668-BE54-9A1E7A4F7556}") = "R5T.T0179", "..\..\R5T.T0179\source\R5T.T0179\R5T.T0179.csproj", "{B246F81D-DDB0-4195-A4A4-C3CB58BC0D38}"
EndProject
Project("{9A19103F-16F7-4668-BE54-9A1E7A4F7556}") = "R5T.T0180", "..\..\R5T.T0180\source\R5T.T0180\R5T.T0180.csproj", "{9D1C12DB-C5AE-413E-BFE9-9976BBA22446}"
EndProject
Project("{9A19103F-16F7-4668-BE54-9A1E7A4F7556}") = "R5T.T0181", "..\..\R5T.T0181\source\R5T.T0181\R5T.T0181.csproj", "{DD5BA333-7437-429A-83CF-8F1DF13A95B4}"
EndProject
Project("{9A19103F-16F7-4668-BE54-9A1E7A4F7556}") = "R5T.T0185", "..\..\R5T.T0185\source\R5T.T0185\R5T.T0185.csproj", "{1723DB0C-F45C-4784-9686-713B4A7D78D2}"
EndProject
Project("{9A19103F-16F7-4668-BE54-9A1E7A4F7556}") = "R5T.T0203", "..\..\R5T.T0203\source\R5T.T0203\R5T.T0203.csproj", "{CA80D8E1-5440-4B52-978E-FC06392293CB}"
EndProject
Project("{9A19103F-16F7-4668-BE54-9A1E7A4F7556}") = "R5T.Y0000", "..\..\R5T.Y0000\source\R5T.Y0000\R5T.Y0000.csproj", "{7CF10A33-24D0-4408-BC79-7B5A7D8E243C}"
EndProject
Project("{9A19103F-16F7-4668-BE54-9A1E7A4F7556}") = "R5T.Z0000", "..\..\R5T.Z0000\source\R5T.Z0000\R5T.Z0000.csproj", "{067307DE-5379-4A71-8105-A84CDAD12723}"
EndProject
Project("{9A19103F-16F7-4668-BE54-9A1E7A4F7556}") = "R5T.NG0021", "..\..\R5T.NG0021\source\R5T.NG0021\R5T.NG0021.csproj", "{BA186B08-584A-4731-8477-98CBDAE64ADF}"
EndProject
Global
	GlobalSection(NestedProjects) = preSolution
		{4D7ACB5C-009D-4B38-98DB-02F3FC693ABE} = {F57BB94D-C753-44E6-8E21-EADC76F29F46}
		{73382A61-4D50-4C12-BC6D-FD37EBCF13C5} = {F57BB94D-C753-44E6-8E21-EADC76F29F46}
		{11507D9C-D247-46D9-BCC5-31D86D9AB3E0} = {F57BB94D-C753-44E6-8E21-EADC76F29F46}
		{1093AD2E-E6D4-41BB-B2A4-E89998AD4948} = {F57BB94D-C753-44E6-8E21-EADC76F29F46}
		{EF4C1274-29AA-4421-86AD-36F7C08E72CD} = {F57BB94D-C753-44E6-8E21-EADC76F29F46}
		{73337EC4-3740-4458-873D-D96F0630292D} = {F57BB94D-C753-44E6-8E21-EADC76F29F46}
		{874E8D1E-943D-4EB7-9465-553D565DDBBA} = {F57BB94D-C753-44E6-8E21-EADC76F29F46}
		{1F9808A9-40B2-47AE-9E69-A16D91F7C12C} = {F57BB94D-C753-44E6-8E21-EADC76F29F46}
		{EAD0C011-CB81-4133-9BF7-D6E2C574ABDF} = {F57BB94D-C753-44E6-8E21-EADC76F29F46}
		{8F9936AF-DE89-4BE5-B383-CFB75412D058} = {F57BB94D-C753-44E6-8E21-EADC76F29F46}
		{54097E27-0638-4EF7-B664-176BB7B928D2} = {F57BB94D-C753-44E6-8E21-EADC76F29F46}
		{60A6F201-3872-491F-B774-C5A99D3707A7} = {F57BB94D-C753-44E6-8E21-EADC76F29F46}
		{79473EF6-6430-42F9-ACE6-1315936D7C06} = {F57BB94D-C753-44E6-8E21-EADC76F29F46}
		{16255B1E-FD8B-44B2-9B2C-ADDD393FF368} = {F57BB94D-C753-44E6-8E21-EADC76F29F46}
		{073565C6-B032-4039-94E1-E2D596333690} = {F57BB94D-C753-44E6-8E21-EADC76F29F46}
		{8D0FD069-6920-4C2D-A3F0-8E6C8A2FF6F5} = {F57BB94D-C753-44E6-8E21-EADC76F29F46}
		{6C76DBCA-44EC-4C80-932F-549E04D94908} = {F57BB94D-C753-44E6-8E21-EADC76F29F46}
		{41E5C345-8BCF-4AEE-9DA0-E6FE3929101F} = {F57BB94D-C753-44E6-8E21-EADC76F29F46}
		{B246F81D-DDB0-4195-A4A4-C3CB58BC0D38} = {F57BB94D-C753-44E6-8E21-EADC76F29F46}
		{9D1C12DB-C5AE-413E-BFE9-9976BBA22446} = {F57BB94D-C753-44E6-8E21-EADC76F29F46}
		{DD5BA333-7437-429A-83CF-8F1DF13A95B4} = {F57BB94D-C753-44E6-8E21-EADC76F29F46}
		{1723DB0C-F45C-4784-9686-713B4A7D78D2} = {F57BB94D-C753-44E6-8E21-EADC76F29F46}
		{CA80D8E1-5440-4B52-978E-FC06392293CB} = {F57BB94D-C753-44E6-8E21-EADC76F29F46}
		{7CF10A33-24D0-4408-BC79-7B5A7D8E243C} = {F57BB94D-C753-44E6-8E21-EADC76F29F46}
		{067307DE-5379-4A71-8105-A84CDAD12723} = {F57BB94D-C753-44E6-8E21-EADC76F29F46}
		{BA186B08-584A-4731-8477-98CBDAE64ADF} = {F57BB94D-C753-44E6-8E21-EADC76F29F46}
	EndGlobalSection
	GlobalSection(SolutionConfigurationPlatforms) = preSolution
		Debug|Any CPU = Debug|Any CPU
		Release|Any CPU = Release|Any CPU
	EndGlobalSection
	GlobalSection(ProjectConfigurationPlatforms) = postSolution
		{725B71DC-8930-406D-BEB1-C85B8C18750B}.Debug|Any CPU.ActiveCfg = Debug|Any CPU
		{725B71DC-8930-406D-BEB1-C85B8C18750B}.Debug|Any CPU.Build.0 = Debug|Any CPU
		{725B71DC-8930-406D-BEB1-C85B8C18750B}.Release|Any CPU.ActiveCfg = Release|Any CPU
		{725B71DC-8930-406D-BEB1-C85B8C18750B}.Release|Any CPU.Build.0 = Release|Any CPU
		{4D7ACB5C-009D-4B38-98DB-02F3FC693ABE}.Debug|Any CPU.ActiveCfg = Debug|Any CPU
		{4D7ACB5C-009D-4B38-98DB-02F3FC693ABE}.Debug|Any CPU.Build.0 = Debug|Any CPU
		{4D7ACB5C-009D-4B38-98DB-02F3FC693ABE}.Release|Any CPU.ActiveCfg = Release|Any CPU
		{4D7ACB5C-009D-4B38-98DB-02F3FC693ABE}.Release|Any CPU.Build.0 = Release|Any CPU
		{73382A61-4D50-4C12-BC6D-FD37EBCF13C5}.Debug|Any CPU.ActiveCfg = Debug|Any CPU
		{73382A61-4D50-4C12-BC6D-FD37EBCF13C5}.Debug|Any CPU.Build.0 = Debug|Any CPU
		{73382A61-4D50-4C12-BC6D-FD37EBCF13C5}.Release|Any CPU.ActiveCfg = Release|Any CPU
		{73382A61-4D50-4C12-BC6D-FD37EBCF13C5}.Release|Any CPU.Build.0 = Release|Any CPU
		{11507D9C-D247-46D9-BCC5-31D86D9AB3E0}.Debug|Any CPU.ActiveCfg = Debug|Any CPU
		{11507D9C-D247-46D9-BCC5-31D86D9AB3E0}.Debug|Any CPU.Build.0 = Debug|Any CPU
		{11507D9C-D247-46D9-BCC5-31D86D9AB3E0}.Release|Any CPU.ActiveCfg = Release|Any CPU
		{11507D9C-D247-46D9-BCC5-31D86D9AB3E0}.Release|Any CPU.Build.0 = Release|Any CPU
		{1093AD2E-E6D4-41BB-B2A4-E89998AD4948}.Debug|Any CPU.ActiveCfg = Debug|Any CPU
		{1093AD2E-E6D4-41BB-B2A4-E89998AD4948}.Debug|Any CPU.Build.0 = Debug|Any CPU
		{1093AD2E-E6D4-41BB-B2A4-E89998AD4948}.Release|Any CPU.ActiveCfg = Release|Any CPU
		{1093AD2E-E6D4-41BB-B2A4-E89998AD4948}.Release|Any CPU.Build.0 = Release|Any CPU
		{EF4C1274-29AA-4421-86AD-36F7C08E72CD}.Debug|Any CPU.ActiveCfg = Debug|Any CPU
		{EF4C1274-29AA-4421-86AD-36F7C08E72CD}.Debug|Any CPU.Build.0 = Debug|Any CPU
		{EF4C1274-29AA-4421-86AD-36F7C08E72CD}.Release|Any CPU.ActiveCfg = Release|Any CPU
		{EF4C1274-29AA-4421-86AD-36F7C08E72CD}.Release|Any CPU.Build.0 = Release|Any CPU
		{73337EC4-3740-4458-873D-D96F0630292D}.Debug|Any CPU.ActiveCfg = Debug|Any CPU
		{73337EC4-3740-4458-873D-D96F0630292D}.Debug|Any CPU.Build.0 = Debug|Any CPU
		{73337EC4-3740-4458-873D-D96F0630292D}.Release|Any CPU.ActiveCfg = Release|Any CPU
		{73337EC4-3740-4458-873D-D96F0630292D}.Release|Any CPU.Build.0 = Release|Any CPU
		{874E8D1E-943D-4EB7-9465-553D565DDBBA}.Debug|Any CPU.ActiveCfg = Debug|Any CPU
		{874E8D1E-943D-4EB7-9465-553D565DDBBA}.Debug|Any CPU.Build.0 = Debug|Any CPU
		{874E8D1E-943D-4EB7-9465-553D565DDBBA}.Release|Any CPU.ActiveCfg = Release|Any CPU
		{874E8D1E-943D-4EB7-9465-553D565DDBBA}.Release|Any CPU.Build.0 = Release|Any CPU
		{1F9808A9-40B2-47AE-9E69-A16D91F7C12C}.Debug|Any CPU.ActiveCfg = Debug|Any CPU
		{1F9808A9-40B2-47AE-9E69-A16D91F7C12C}.Debug|Any CPU.Build.0 = Debug|Any CPU
		{1F9808A9-40B2-47AE-9E69-A16D91F7C12C}.Release|Any CPU.ActiveCfg = Release|Any CPU
		{1F9808A9-40B2-47AE-9E69-A16D91F7C12C}.Release|Any CPU.Build.0 = Release|Any CPU
		{EAD0C011-CB81-4133-9BF7-D6E2C574ABDF}.Debug|Any CPU.ActiveCfg = Debug|Any CPU
		{EAD0C011-CB81-4133-9BF7-D6E2C574ABDF}.Debug|Any CPU.Build.0 = Debug|Any CPU
		{EAD0C011-CB81-4133-9BF7-D6E2C574ABDF}.Release|Any CPU.ActiveCfg = Release|Any CPU
		{EAD0C011-CB81-4133-9BF7-D6E2C574ABDF}.Release|Any CPU.Build.0 = Release|Any CPU
		{8F9936AF-DE89-4BE5-B383-CFB75412D058}.Debug|Any CPU.ActiveCfg = Debug|Any CPU
		{8F9936AF-DE89-4BE5-B383-CFB75412D058}.Debug|Any CPU.Build.0 = Debug|Any CPU
		{8F9936AF-DE89-4BE5-B383-CFB75412D058}.Release|Any CPU.ActiveCfg = Release|Any CPU
		{8F9936AF-DE89-4BE5-B383-CFB75412D058}.Release|Any CPU.Build.0 = Release|Any CPU
		{54097E27-0638-4EF7-B664-176BB7B928D2}.Debug|Any CPU.ActiveCfg = Debug|Any CPU
		{54097E27-0638-4EF7-B664-176BB7B928D2}.Debug|Any CPU.Build.0 = Debug|Any CPU
		{54097E27-0638-4EF7-B664-176BB7B928D2}.Release|Any CPU.ActiveCfg = Release|Any CPU
		{54097E27-0638-4EF7-B664-176BB7B928D2}.Release|Any CPU.Build.0 = Release|Any CPU
		{60A6F201-3872-491F-B774-C5A99D3707A7}.Debug|Any CPU.ActiveCfg = Debug|Any CPU
		{60A6F201-3872-491F-B774-C5A99D3707A7}.Debug|Any CPU.Build.0 = Debug|Any CPU
		{60A6F201-3872-491F-B774-C5A99D3707A7}.Release|Any CPU.ActiveCfg = Release|Any CPU
		{60A6F201-3872-491F-B774-C5A99D3707A7}.Release|Any CPU.Build.0 = Release|Any CPU
		{79473EF6-6430-42F9-ACE6-1315936D7C06}.Debug|Any CPU.ActiveCfg = Debug|Any CPU
		{79473EF6-6430-42F9-ACE6-1315936D7C06}.Debug|Any CPU.Build.0 = Debug|Any CPU
		{79473EF6-6430-42F9-ACE6-1315936D7C06}.Release|Any CPU.ActiveCfg = Release|Any CPU
		{79473EF6-6430-42F9-ACE6-1315936D7C06}.Release|Any CPU.Build.0 = Release|Any CPU
		{16255B1E-FD8B-44B2-9B2C-ADDD393FF368}.Debug|Any CPU.ActiveCfg = Debug|Any CPU
		{16255B1E-FD8B-44B2-9B2C-ADDD393FF368}.Debug|Any CPU.Build.0 = Debug|Any CPU
		{16255B1E-FD8B-44B2-9B2C-ADDD393FF368}.Release|Any CPU.ActiveCfg = Release|Any CPU
		{16255B1E-FD8B-44B2-9B2C-ADDD393FF368}.Release|Any CPU.Build.0 = Release|Any CPU
		{073565C6-B032-4039-94E1-E2D596333690}.Debug|Any CPU.ActiveCfg = Debug|Any CPU
		{073565C6-B032-4039-94E1-E2D596333690}.Debug|Any CPU.Build.0 = Debug|Any CPU
		{073565C6-B032-4039-94E1-E2D596333690}.Release|Any CPU.ActiveCfg = Release|Any CPU
		{073565C6-B032-4039-94E1-E2D596333690}.Release|Any CPU.Build.0 = Release|Any CPU
		{8D0FD069-6920-4C2D-A3F0-8E6C8A2FF6F5}.Debug|Any CPU.ActiveCfg = Debug|Any CPU
		{8D0FD069-6920-4C2D-A3F0-8E6C8A2FF6F5}.Debug|Any CPU.Build.0 = Debug|Any CPU
		{8D0FD069-6920-4C2D-A3F0-8E6C8A2FF6F5}.Release|Any CPU.ActiveCfg = Release|Any CPU
		{8D0FD069-6920-4C2D-A3F0-8E6C8A2FF6F5}.Release|Any CPU.Build.0 = Release|Any CPU
		{6C76DBCA-44EC-4C80-932F-549E04D94908}.Debug|Any CPU.ActiveCfg = Debug|Any CPU
		{6C76DBCA-44EC-4C80-932F-549E04D94908}.Debug|Any CPU.Build.0 = Debug|Any CPU
		{6C76DBCA-44EC-4C80-932F-549E04D94908}.Release|Any CPU.ActiveCfg = Release|Any CPU
		{6C76DBCA-44EC-4C80-932F-549E04D94908}.Release|Any CPU.Build.0 = Release|Any CPU
		{41E5C345-8BCF-4AEE-9DA0-E6FE3929101F}.Debug|Any CPU.ActiveCfg = Debug|Any CPU
		{41E5C345-8BCF-4AEE-9DA0-E6FE3929101F}.Debug|Any CPU.Build.0 = Debug|Any CPU
		{41E5C345-8BCF-4AEE-9DA0-E6FE3929101F}.Release|Any CPU.ActiveCfg = Release|Any CPU
		{41E5C345-8BCF-4AEE-9DA0-E6FE3929101F}.Release|Any CPU.Build.0 = Release|Any CPU
		{B246F81D-DDB0-4195-A4A4-C3CB58BC0D38}.Debug|Any CPU.ActiveCfg = Debug|Any CPU
		{B246F81D-DDB0-4195-A4A4-C3CB58BC0D38}.Debug|Any CPU.Build.0 = Debug|Any CPU
		{B246F81D-DDB0-4195-A4A4-C3CB58BC0D38}.Release|Any CPU.ActiveCfg = Release|Any CPU
		{B246F81D-DDB0-4195-A4A4-C3CB58BC0D38}.Release|Any CPU.Build.0 = Release|Any CPU
		{9D1C12DB-C5AE-413E-BFE9-9976BBA22446}.Debug|Any CPU.ActiveCfg = Debug|Any CPU
		{9D1C12DB-C5AE-413E-BFE9-9976BBA22446}.Debug|Any CPU.Build.0 = Debug|Any CPU
		{9D1C12DB-C5AE-413E-BFE9-9976BBA22446}.Release|Any CPU.ActiveCfg = Release|Any CPU
		{9D1C12DB-C5AE-413E-BFE9-9976BBA22446}.Release|Any CPU.Build.0 = Release|Any CPU
		{DD5BA333-7437-429A-83CF-8F1DF13A95B4}.Debug|Any CPU.ActiveCfg = Debug|Any CPU
		{DD5BA333-7437-429A-83CF-8F1DF13A95B4}.Debug|Any CPU.Build.0 = Debug|Any CPU
		{DD5BA333-7437-429A-83CF-8F1DF13A95B4}.Release|Any CPU.ActiveCfg = Release|Any CPU
		{DD5BA333-7437-429A-83CF-8F1DF13A95B4}.Release|Any CPU.Build.0 = Release|Any CPU
		{1723DB0C-F45C-4784-9686-713B4A7D78D2}.Debug|Any CPU.ActiveCfg = Debug|Any CPU
		{1723DB0C-F45C-4784-9686-713B4A7D78D2}.Debug|Any CPU.Build.0 = Debug|Any CPU
		{1723DB0C-F45C-4784-9686-713B4A7D78D2}.Release|Any CPU.ActiveCfg = Release|Any CPU
		{1723DB0C-F45C-4784-9686-713B4A7D78D2}.Release|Any CPU.Build.0 = Release|Any CPU
		{CA80D8E1-5440-4B52-978E-FC06392293CB}.Debug|Any CPU.ActiveCfg = Debug|Any CPU
		{CA80D8E1-5440-4B52-978E-FC06392293CB}.Debug|Any CPU.Build.0 = Debug|Any CPU
		{CA80D8E1-5440-4B52-978E-FC06392293CB}.Release|Any CPU.ActiveCfg = Release|Any CPU
		{CA80D8E1-5440-4B52-978E-FC06392293CB}.Release|Any CPU.Build.0 = Release|Any CPU
		{7CF10A33-24D0-4408-BC79-7B5A7D8E243C}.Debug|Any CPU.ActiveCfg = Debug|Any CPU
		{7CF10A33-24D0-4408-BC79-7B5A7D8E243C}.Debug|Any CPU.Build.0 = Debug|Any CPU
		{7CF10A33-24D0-4408-BC79-7B5A7D8E243C}.Release|Any CPU.ActiveCfg = Release|Any CPU
		{7CF10A33-24D0-4408-BC79-7B5A7D8E243C}.Release|Any CPU.Build.0 = Release|Any CPU
		{067307DE-5379-4A71-8105-A84CDAD12723}.Debug|Any CPU.ActiveCfg = Debug|Any CPU
		{067307DE-5379-4A71-8105-A84CDAD12723}.Debug|Any CPU.Build.0 = Debug|Any CPU
		{067307DE-5379-4A71-8105-A84CDAD12723}.Release|Any CPU.ActiveCfg = Release|Any CPU
		{067307DE-5379-4A71-8105-A84CDAD12723}.Release|Any CPU.Build.0 = Release|Any CPU
		{BA186B08-584A-4731-8477-98CBDAE64ADF}.Debug|Any CPU.ActiveCfg = Debug|Any CPU
		{BA186B08-584A-4731-8477-98CBDAE64ADF}.Debug|Any CPU.Build.0 = Debug|Any CPU
		{BA186B08-584A-4731-8477-98CBDAE64ADF}.Release|Any CPU.ActiveCfg = Release|Any CPU
		{BA186B08-584A-4731-8477-98CBDAE64ADF}.Release|Any CPU.Build.0 = Release|Any CPU
	EndGlobalSection
	GlobalSection(SolutionProperties) = preSolution
		HideSolutionNode = FALSE
	EndGlobalSection
	GlobalSection(ExtensibilityGlobals) = postSolution
		SolutionGuid = {A6D1F237-7C2E-40FF-A5E2-D0F98DC87DEF}
	EndGlobalSection
EndGlobal
