
Microsoft Visual Studio Solution File, Format Version 12.00
# Visual Studio Version 17
VisualStudioVersion = 17.2.32630.192
MinimumVisualStudioVersion = 10.0.40219.1
Project("{9A19103F-16F7-4668-BE54-9A1E7A4F7556}") = "R5T.F0135.Construction", "R5T.F0135.Construction\R5T.F0135.Construction.csproj", "{330374EB-EA0D-4AED-8AB0-043164CB0EC5}"
EndProject
Project("{9A19103F-16F7-4668-BE54-9A1E7A4F7556}") = "R5T.F0135", "R5T.F0135\R5T.F0135.csproj", "{A4E7BE22-9A68-48CF-B0FC-ABF29A2C7400}"
EndProject
Project("{2150E333-8FDC-42A3-9474-1A3956D46DE8}") = "_Dependencies", "_Dependencies", "{9BBD0176-E3B6-43CE-830E-3284BA91F1BF}"
EndProject
Project("{9A19103F-16F7-4668-BE54-9A1E7A4F7556}") = "R5T.F0000", "..\..\R5T.F0000\source\R5T.F0000\R5T.F0000.csproj", "{9517A939-187E-493E-AE3D-0AB5072FD8D2}"
EndProject
Project("{9A19103F-16F7-4668-BE54-9A1E7A4F7556}") = "R5T.F0002", "..\..\R5T.F0002\source\R5T.F0002\R5T.F0002.csproj", "{711699B6-2399-4589-9DCE-93425AA8D486}"
EndProject
Project("{9A19103F-16F7-4668-BE54-9A1E7A4F7556}") = "R5T.F0120", "..\..\R5T.F0120\source\R5T.F0120\R5T.F0120.csproj", "{980CE8A9-345E-4A72-AE65-54ACF6E07832}"
EndProject
Project("{9A19103F-16F7-4668-BE54-9A1E7A4F7556}") = "R5T.F0124", "..\..\R5T.F0124\source\R5T.F0124\R5T.F0124.csproj", "{80F6AC41-9B8B-4EF9-A2ED-A483103262D2}"
EndProject
Project("{9A19103F-16F7-4668-BE54-9A1E7A4F7556}") = "R5T.F0125", "..\..\R5T.F0125\source\R5T.F0125\R5T.F0125.csproj", "{5CD6B962-D689-4CFC-968B-A02FB683A59D}"
EndProject
Project("{9A19103F-16F7-4668-BE54-9A1E7A4F7556}") = "R5T.L0030.T000", "..\..\R5T.L0030\source\R5T.L0030.T000\R5T.L0030.T000.csproj", "{E0B1C2FA-8CFE-4836-9E2F-055A54AE7147}"
EndProject
Project("{9A19103F-16F7-4668-BE54-9A1E7A4F7556}") = "R5T.L0030", "..\..\R5T.L0030\source\R5T.L0030\R5T.L0030.csproj", "{8FF751B8-7F9A-4194-8AD6-CBFDA5AB3EDF}"
EndProject
Project("{9A19103F-16F7-4668-BE54-9A1E7A4F7556}") = "R5T.L0034", "..\..\R5T.L0034\source\R5T.L0034\R5T.L0034.csproj", "{F88F092F-00D3-4B25-92FC-E2D36D46E7F0}"
EndProject
Project("{9A19103F-16F7-4668-BE54-9A1E7A4F7556}") = "R5T.L0035", "..\..\R5T.L0035\source\R5T.L0035\R5T.L0035.csproj", "{67E8646A-3C43-4D19-9BDC-42F6CBF4EF7A}"
EndProject
Project("{9A19103F-16F7-4668-BE54-9A1E7A4F7556}") = "R5T.T0131", "..\..\R5T.T0131\source\R5T.T0131\R5T.T0131.csproj", "{39A92F60-A913-41A4-BEFA-D92BCA375823}"
EndProject
Project("{9A19103F-16F7-4668-BE54-9A1E7A4F7556}") = "R5T.T0132", "..\..\R5T.T0132\source\R5T.T0132\R5T.T0132.csproj", "{0162CD39-815F-489C-95C9-3E6FE529740B}"
EndProject
Project("{9A19103F-16F7-4668-BE54-9A1E7A4F7556}") = "R5T.T0142", "..\..\R5T.T0142\source\R5T.T0142\R5T.T0142.csproj", "{5C13BF5D-653E-42B7-9008-0BBC64BB15B2}"
EndProject
Project("{9A19103F-16F7-4668-BE54-9A1E7A4F7556}") = "R5T.T0143", "..\..\R5T.T0143\source\R5T.T0143\R5T.T0143.csproj", "{5940EEDE-02DE-45CF-B9B4-E85CA7A70688}"
EndProject
Project("{9A19103F-16F7-4668-BE54-9A1E7A4F7556}") = "R5T.T0156", "..\..\R5T.T0156\source\R5T.T0156\R5T.T0156.csproj", "{FB64B870-95AB-4B62-9C79-5EB74C2834A5}"
EndProject
Project("{9A19103F-16F7-4668-BE54-9A1E7A4F7556}") = "R5T.T0174", "..\..\R5T.T0174\source\R5T.T0174\R5T.T0174.csproj", "{0925EE05-0B19-4FCB-B0B9-FFA6D6F4A8D8}"
EndProject
Project("{9A19103F-16F7-4668-BE54-9A1E7A4F7556}") = "R5T.T0176", "..\..\R5T.T0176\source\R5T.T0176\R5T.T0176.csproj", "{F5B676E7-FC06-4B43-94C9-BB379D2190C4}"
EndProject
Project("{9A19103F-16F7-4668-BE54-9A1E7A4F7556}") = "R5T.T0177", "..\..\R5T.T0177\source\R5T.T0177\R5T.T0177.csproj", "{A69223AA-0C6A-4CA9-A76B-005AA4EDC19D}"
EndProject
Project("{9A19103F-16F7-4668-BE54-9A1E7A4F7556}") = "R5T.T0178", "..\..\R5T.T0178\source\R5T.T0178\R5T.T0178.csproj", "{0F5084C8-9C9F-425E-A120-AD8B73B8DCA7}"
EndProject
Project("{9A19103F-16F7-4668-BE54-9A1E7A4F7556}") = "R5T.T0179", "..\..\R5T.T0179\source\R5T.T0179\R5T.T0179.csproj", "{1D338AE7-9910-4424-AAE5-3338C2BABD97}"
EndProject
Project("{9A19103F-16F7-4668-BE54-9A1E7A4F7556}") = "R5T.T0180", "..\..\R5T.T0180\source\R5T.T0180\R5T.T0180.csproj", "{3EEB9D30-9EB2-4885-809B-90B11445C74F}"
EndProject
Project("{9A19103F-16F7-4668-BE54-9A1E7A4F7556}") = "R5T.T0181", "..\..\R5T.T0181\source\R5T.T0181\R5T.T0181.csproj", "{DB9AB032-DD33-4E3D-87A3-A9A5AA7B1BA1}"
EndProject
Project("{9A19103F-16F7-4668-BE54-9A1E7A4F7556}") = "R5T.T0185", "..\..\R5T.T0185\source\R5T.T0185\R5T.T0185.csproj", "{47C056FD-0455-4F72-8E7A-4A1DCEB63B2F}"
EndProject
Project("{9A19103F-16F7-4668-BE54-9A1E7A4F7556}") = "R5T.T0203", "..\..\R5T.T0203\source\R5T.T0203\R5T.T0203.csproj", "{858E7A62-FEA1-4C1D-8D09-0622BC8B9845}"
EndProject
Project("{9A19103F-16F7-4668-BE54-9A1E7A4F7556}") = "R5T.Y0000", "..\..\R5T.Y0000\source\R5T.Y0000\R5T.Y0000.csproj", "{9CE044D8-A0C4-4F03-9A2D-4DC1EDE19335}"
EndProject
Project("{9A19103F-16F7-4668-BE54-9A1E7A4F7556}") = "R5T.Z0000", "..\..\R5T.Z0000\source\R5T.Z0000\R5T.Z0000.csproj", "{08A5BBFB-0750-4953-9AAD-FA99418765F9}"
EndProject
Project("{9A19103F-16F7-4668-BE54-9A1E7A4F7556}") = "R5T.NG0021", "..\..\R5T.NG0021\source\R5T.NG0021\R5T.NG0021.csproj", "{48EEE77F-3E45-492C-95D6-529ACAA5BC23}"
EndProject
Global
	GlobalSection(NestedProjects) = preSolution
		{9517A939-187E-493E-AE3D-0AB5072FD8D2} = {9BBD0176-E3B6-43CE-830E-3284BA91F1BF}
		{711699B6-2399-4589-9DCE-93425AA8D486} = {9BBD0176-E3B6-43CE-830E-3284BA91F1BF}
		{980CE8A9-345E-4A72-AE65-54ACF6E07832} = {9BBD0176-E3B6-43CE-830E-3284BA91F1BF}
		{80F6AC41-9B8B-4EF9-A2ED-A483103262D2} = {9BBD0176-E3B6-43CE-830E-3284BA91F1BF}
		{5CD6B962-D689-4CFC-968B-A02FB683A59D} = {9BBD0176-E3B6-43CE-830E-3284BA91F1BF}
		{E0B1C2FA-8CFE-4836-9E2F-055A54AE7147} = {9BBD0176-E3B6-43CE-830E-3284BA91F1BF}
		{8FF751B8-7F9A-4194-8AD6-CBFDA5AB3EDF} = {9BBD0176-E3B6-43CE-830E-3284BA91F1BF}
		{F88F092F-00D3-4B25-92FC-E2D36D46E7F0} = {9BBD0176-E3B6-43CE-830E-3284BA91F1BF}
		{67E8646A-3C43-4D19-9BDC-42F6CBF4EF7A} = {9BBD0176-E3B6-43CE-830E-3284BA91F1BF}
		{39A92F60-A913-41A4-BEFA-D92BCA375823} = {9BBD0176-E3B6-43CE-830E-3284BA91F1BF}
		{0162CD39-815F-489C-95C9-3E6FE529740B} = {9BBD0176-E3B6-43CE-830E-3284BA91F1BF}
		{5C13BF5D-653E-42B7-9008-0BBC64BB15B2} = {9BBD0176-E3B6-43CE-830E-3284BA91F1BF}
		{5940EEDE-02DE-45CF-B9B4-E85CA7A70688} = {9BBD0176-E3B6-43CE-830E-3284BA91F1BF}
		{FB64B870-95AB-4B62-9C79-5EB74C2834A5} = {9BBD0176-E3B6-43CE-830E-3284BA91F1BF}
		{0925EE05-0B19-4FCB-B0B9-FFA6D6F4A8D8} = {9BBD0176-E3B6-43CE-830E-3284BA91F1BF}
		{F5B676E7-FC06-4B43-94C9-BB379D2190C4} = {9BBD0176-E3B6-43CE-830E-3284BA91F1BF}
		{A69223AA-0C6A-4CA9-A76B-005AA4EDC19D} = {9BBD0176-E3B6-43CE-830E-3284BA91F1BF}
		{0F5084C8-9C9F-425E-A120-AD8B73B8DCA7} = {9BBD0176-E3B6-43CE-830E-3284BA91F1BF}
		{1D338AE7-9910-4424-AAE5-3338C2BABD97} = {9BBD0176-E3B6-43CE-830E-3284BA91F1BF}
		{3EEB9D30-9EB2-4885-809B-90B11445C74F} = {9BBD0176-E3B6-43CE-830E-3284BA91F1BF}
		{DB9AB032-DD33-4E3D-87A3-A9A5AA7B1BA1} = {9BBD0176-E3B6-43CE-830E-3284BA91F1BF}
		{47C056FD-0455-4F72-8E7A-4A1DCEB63B2F} = {9BBD0176-E3B6-43CE-830E-3284BA91F1BF}
		{858E7A62-FEA1-4C1D-8D09-0622BC8B9845} = {9BBD0176-E3B6-43CE-830E-3284BA91F1BF}
		{9CE044D8-A0C4-4F03-9A2D-4DC1EDE19335} = {9BBD0176-E3B6-43CE-830E-3284BA91F1BF}
		{08A5BBFB-0750-4953-9AAD-FA99418765F9} = {9BBD0176-E3B6-43CE-830E-3284BA91F1BF}
		{48EEE77F-3E45-492C-95D6-529ACAA5BC23} = {9BBD0176-E3B6-43CE-830E-3284BA91F1BF}
	EndGlobalSection
	GlobalSection(SolutionConfigurationPlatforms) = preSolution
		Debug|Any CPU = Debug|Any CPU
		Release|Any CPU = Release|Any CPU
	EndGlobalSection
	GlobalSection(ProjectConfigurationPlatforms) = postSolution
		{330374EB-EA0D-4AED-8AB0-043164CB0EC5}.Debug|Any CPU.ActiveCfg = Debug|Any CPU
		{330374EB-EA0D-4AED-8AB0-043164CB0EC5}.Debug|Any CPU.Build.0 = Debug|Any CPU
		{330374EB-EA0D-4AED-8AB0-043164CB0EC5}.Release|Any CPU.ActiveCfg = Release|Any CPU
		{330374EB-EA0D-4AED-8AB0-043164CB0EC5}.Release|Any CPU.Build.0 = Release|Any CPU
		{A4E7BE22-9A68-48CF-B0FC-ABF29A2C7400}.Debug|Any CPU.ActiveCfg = Debug|Any CPU
		{A4E7BE22-9A68-48CF-B0FC-ABF29A2C7400}.Debug|Any CPU.Build.0 = Debug|Any CPU
		{A4E7BE22-9A68-48CF-B0FC-ABF29A2C7400}.Release|Any CPU.ActiveCfg = Release|Any CPU
		{A4E7BE22-9A68-48CF-B0FC-ABF29A2C7400}.Release|Any CPU.Build.0 = Release|Any CPU
		{9517A939-187E-493E-AE3D-0AB5072FD8D2}.Debug|Any CPU.ActiveCfg = Debug|Any CPU
		{9517A939-187E-493E-AE3D-0AB5072FD8D2}.Debug|Any CPU.Build.0 = Debug|Any CPU
		{9517A939-187E-493E-AE3D-0AB5072FD8D2}.Release|Any CPU.ActiveCfg = Release|Any CPU
		{9517A939-187E-493E-AE3D-0AB5072FD8D2}.Release|Any CPU.Build.0 = Release|Any CPU
		{711699B6-2399-4589-9DCE-93425AA8D486}.Debug|Any CPU.ActiveCfg = Debug|Any CPU
		{711699B6-2399-4589-9DCE-93425AA8D486}.Debug|Any CPU.Build.0 = Debug|Any CPU
		{711699B6-2399-4589-9DCE-93425AA8D486}.Release|Any CPU.ActiveCfg = Release|Any CPU
		{711699B6-2399-4589-9DCE-93425AA8D486}.Release|Any CPU.Build.0 = Release|Any CPU
		{980CE8A9-345E-4A72-AE65-54ACF6E07832}.Debug|Any CPU.ActiveCfg = Debug|Any CPU
		{980CE8A9-345E-4A72-AE65-54ACF6E07832}.Debug|Any CPU.Build.0 = Debug|Any CPU
		{980CE8A9-345E-4A72-AE65-54ACF6E07832}.Release|Any CPU.ActiveCfg = Release|Any CPU
		{980CE8A9-345E-4A72-AE65-54ACF6E07832}.Release|Any CPU.Build.0 = Release|Any CPU
		{80F6AC41-9B8B-4EF9-A2ED-A483103262D2}.Debug|Any CPU.ActiveCfg = Debug|Any CPU
		{80F6AC41-9B8B-4EF9-A2ED-A483103262D2}.Debug|Any CPU.Build.0 = Debug|Any CPU
		{80F6AC41-9B8B-4EF9-A2ED-A483103262D2}.Release|Any CPU.ActiveCfg = Release|Any CPU
		{80F6AC41-9B8B-4EF9-A2ED-A483103262D2}.Release|Any CPU.Build.0 = Release|Any CPU
		{5CD6B962-D689-4CFC-968B-A02FB683A59D}.Debug|Any CPU.ActiveCfg = Debug|Any CPU
		{5CD6B962-D689-4CFC-968B-A02FB683A59D}.Debug|Any CPU.Build.0 = Debug|Any CPU
		{5CD6B962-D689-4CFC-968B-A02FB683A59D}.Release|Any CPU.ActiveCfg = Release|Any CPU
		{5CD6B962-D689-4CFC-968B-A02FB683A59D}.Release|Any CPU.Build.0 = Release|Any CPU
		{E0B1C2FA-8CFE-4836-9E2F-055A54AE7147}.Debug|Any CPU.ActiveCfg = Debug|Any CPU
		{E0B1C2FA-8CFE-4836-9E2F-055A54AE7147}.Debug|Any CPU.Build.0 = Debug|Any CPU
		{E0B1C2FA-8CFE-4836-9E2F-055A54AE7147}.Release|Any CPU.ActiveCfg = Release|Any CPU
		{E0B1C2FA-8CFE-4836-9E2F-055A54AE7147}.Release|Any CPU.Build.0 = Release|Any CPU
		{8FF751B8-7F9A-4194-8AD6-CBFDA5AB3EDF}.Debug|Any CPU.ActiveCfg = Debug|Any CPU
		{8FF751B8-7F9A-4194-8AD6-CBFDA5AB3EDF}.Debug|Any CPU.Build.0 = Debug|Any CPU
		{8FF751B8-7F9A-4194-8AD6-CBFDA5AB3EDF}.Release|Any CPU.ActiveCfg = Release|Any CPU
		{8FF751B8-7F9A-4194-8AD6-CBFDA5AB3EDF}.Release|Any CPU.Build.0 = Release|Any CPU
		{F88F092F-00D3-4B25-92FC-E2D36D46E7F0}.Debug|Any CPU.ActiveCfg = Debug|Any CPU
		{F88F092F-00D3-4B25-92FC-E2D36D46E7F0}.Debug|Any CPU.Build.0 = Debug|Any CPU
		{F88F092F-00D3-4B25-92FC-E2D36D46E7F0}.Release|Any CPU.ActiveCfg = Release|Any CPU
		{F88F092F-00D3-4B25-92FC-E2D36D46E7F0}.Release|Any CPU.Build.0 = Release|Any CPU
		{67E8646A-3C43-4D19-9BDC-42F6CBF4EF7A}.Debug|Any CPU.ActiveCfg = Debug|Any CPU
		{67E8646A-3C43-4D19-9BDC-42F6CBF4EF7A}.Debug|Any CPU.Build.0 = Debug|Any CPU
		{67E8646A-3C43-4D19-9BDC-42F6CBF4EF7A}.Release|Any CPU.ActiveCfg = Release|Any CPU
		{67E8646A-3C43-4D19-9BDC-42F6CBF4EF7A}.Release|Any CPU.Build.0 = Release|Any CPU
		{39A92F60-A913-41A4-BEFA-D92BCA375823}.Debug|Any CPU.ActiveCfg = Debug|Any CPU
		{39A92F60-A913-41A4-BEFA-D92BCA375823}.Debug|Any CPU.Build.0 = Debug|Any CPU
		{39A92F60-A913-41A4-BEFA-D92BCA375823}.Release|Any CPU.ActiveCfg = Release|Any CPU
		{39A92F60-A913-41A4-BEFA-D92BCA375823}.Release|Any CPU.Build.0 = Release|Any CPU
		{0162CD39-815F-489C-95C9-3E6FE529740B}.Debug|Any CPU.ActiveCfg = Debug|Any CPU
		{0162CD39-815F-489C-95C9-3E6FE529740B}.Debug|Any CPU.Build.0 = Debug|Any CPU
		{0162CD39-815F-489C-95C9-3E6FE529740B}.Release|Any CPU.ActiveCfg = Release|Any CPU
		{0162CD39-815F-489C-95C9-3E6FE529740B}.Release|Any CPU.Build.0 = Release|Any CPU
		{5C13BF5D-653E-42B7-9008-0BBC64BB15B2}.Debug|Any CPU.ActiveCfg = Debug|Any CPU
		{5C13BF5D-653E-42B7-9008-0BBC64BB15B2}.Debug|Any CPU.Build.0 = Debug|Any CPU
		{5C13BF5D-653E-42B7-9008-0BBC64BB15B2}.Release|Any CPU.ActiveCfg = Release|Any CPU
		{5C13BF5D-653E-42B7-9008-0BBC64BB15B2}.Release|Any CPU.Build.0 = Release|Any CPU
		{5940EEDE-02DE-45CF-B9B4-E85CA7A70688}.Debug|Any CPU.ActiveCfg = Debug|Any CPU
		{5940EEDE-02DE-45CF-B9B4-E85CA7A70688}.Debug|Any CPU.Build.0 = Debug|Any CPU
		{5940EEDE-02DE-45CF-B9B4-E85CA7A70688}.Release|Any CPU.ActiveCfg = Release|Any CPU
		{5940EEDE-02DE-45CF-B9B4-E85CA7A70688}.Release|Any CPU.Build.0 = Release|Any CPU
		{FB64B870-95AB-4B62-9C79-5EB74C2834A5}.Debug|Any CPU.ActiveCfg = Debug|Any CPU
		{FB64B870-95AB-4B62-9C79-5EB74C2834A5}.Debug|Any CPU.Build.0 = Debug|Any CPU
		{FB64B870-95AB-4B62-9C79-5EB74C2834A5}.Release|Any CPU.ActiveCfg = Release|Any CPU
		{FB64B870-95AB-4B62-9C79-5EB74C2834A5}.Release|Any CPU.Build.0 = Release|Any CPU
		{0925EE05-0B19-4FCB-B0B9-FFA6D6F4A8D8}.Debug|Any CPU.ActiveCfg = Debug|Any CPU
		{0925EE05-0B19-4FCB-B0B9-FFA6D6F4A8D8}.Debug|Any CPU.Build.0 = Debug|Any CPU
		{0925EE05-0B19-4FCB-B0B9-FFA6D6F4A8D8}.Release|Any CPU.ActiveCfg = Release|Any CPU
		{0925EE05-0B19-4FCB-B0B9-FFA6D6F4A8D8}.Release|Any CPU.Build.0 = Release|Any CPU
		{F5B676E7-FC06-4B43-94C9-BB379D2190C4}.Debug|Any CPU.ActiveCfg = Debug|Any CPU
		{F5B676E7-FC06-4B43-94C9-BB379D2190C4}.Debug|Any CPU.Build.0 = Debug|Any CPU
		{F5B676E7-FC06-4B43-94C9-BB379D2190C4}.Release|Any CPU.ActiveCfg = Release|Any CPU
		{F5B676E7-FC06-4B43-94C9-BB379D2190C4}.Release|Any CPU.Build.0 = Release|Any CPU
		{A69223AA-0C6A-4CA9-A76B-005AA4EDC19D}.Debug|Any CPU.ActiveCfg = Debug|Any CPU
		{A69223AA-0C6A-4CA9-A76B-005AA4EDC19D}.Debug|Any CPU.Build.0 = Debug|Any CPU
		{A69223AA-0C6A-4CA9-A76B-005AA4EDC19D}.Release|Any CPU.ActiveCfg = Release|Any CPU
		{A69223AA-0C6A-4CA9-A76B-005AA4EDC19D}.Release|Any CPU.Build.0 = Release|Any CPU
		{0F5084C8-9C9F-425E-A120-AD8B73B8DCA7}.Debug|Any CPU.ActiveCfg = Debug|Any CPU
		{0F5084C8-9C9F-425E-A120-AD8B73B8DCA7}.Debug|Any CPU.Build.0 = Debug|Any CPU
		{0F5084C8-9C9F-425E-A120-AD8B73B8DCA7}.Release|Any CPU.ActiveCfg = Release|Any CPU
		{0F5084C8-9C9F-425E-A120-AD8B73B8DCA7}.Release|Any CPU.Build.0 = Release|Any CPU
		{1D338AE7-9910-4424-AAE5-3338C2BABD97}.Debug|Any CPU.ActiveCfg = Debug|Any CPU
		{1D338AE7-9910-4424-AAE5-3338C2BABD97}.Debug|Any CPU.Build.0 = Debug|Any CPU
		{1D338AE7-9910-4424-AAE5-3338C2BABD97}.Release|Any CPU.ActiveCfg = Release|Any CPU
		{1D338AE7-9910-4424-AAE5-3338C2BABD97}.Release|Any CPU.Build.0 = Release|Any CPU
		{3EEB9D30-9EB2-4885-809B-90B11445C74F}.Debug|Any CPU.ActiveCfg = Debug|Any CPU
		{3EEB9D30-9EB2-4885-809B-90B11445C74F}.Debug|Any CPU.Build.0 = Debug|Any CPU
		{3EEB9D30-9EB2-4885-809B-90B11445C74F}.Release|Any CPU.ActiveCfg = Release|Any CPU
		{3EEB9D30-9EB2-4885-809B-90B11445C74F}.Release|Any CPU.Build.0 = Release|Any CPU
		{DB9AB032-DD33-4E3D-87A3-A9A5AA7B1BA1}.Debug|Any CPU.ActiveCfg = Debug|Any CPU
		{DB9AB032-DD33-4E3D-87A3-A9A5AA7B1BA1}.Debug|Any CPU.Build.0 = Debug|Any CPU
		{DB9AB032-DD33-4E3D-87A3-A9A5AA7B1BA1}.Release|Any CPU.ActiveCfg = Release|Any CPU
		{DB9AB032-DD33-4E3D-87A3-A9A5AA7B1BA1}.Release|Any CPU.Build.0 = Release|Any CPU
		{47C056FD-0455-4F72-8E7A-4A1DCEB63B2F}.Debug|Any CPU.ActiveCfg = Debug|Any CPU
		{47C056FD-0455-4F72-8E7A-4A1DCEB63B2F}.Debug|Any CPU.Build.0 = Debug|Any CPU
		{47C056FD-0455-4F72-8E7A-4A1DCEB63B2F}.Release|Any CPU.ActiveCfg = Release|Any CPU
		{47C056FD-0455-4F72-8E7A-4A1DCEB63B2F}.Release|Any CPU.Build.0 = Release|Any CPU
		{858E7A62-FEA1-4C1D-8D09-0622BC8B9845}.Debug|Any CPU.ActiveCfg = Debug|Any CPU
		{858E7A62-FEA1-4C1D-8D09-0622BC8B9845}.Debug|Any CPU.Build.0 = Debug|Any CPU
		{858E7A62-FEA1-4C1D-8D09-0622BC8B9845}.Release|Any CPU.ActiveCfg = Release|Any CPU
		{858E7A62-FEA1-4C1D-8D09-0622BC8B9845}.Release|Any CPU.Build.0 = Release|Any CPU
		{9CE044D8-A0C4-4F03-9A2D-4DC1EDE19335}.Debug|Any CPU.ActiveCfg = Debug|Any CPU
		{9CE044D8-A0C4-4F03-9A2D-4DC1EDE19335}.Debug|Any CPU.Build.0 = Debug|Any CPU
		{9CE044D8-A0C4-4F03-9A2D-4DC1EDE19335}.Release|Any CPU.ActiveCfg = Release|Any CPU
		{9CE044D8-A0C4-4F03-9A2D-4DC1EDE19335}.Release|Any CPU.Build.0 = Release|Any CPU
		{08A5BBFB-0750-4953-9AAD-FA99418765F9}.Debug|Any CPU.ActiveCfg = Debug|Any CPU
		{08A5BBFB-0750-4953-9AAD-FA99418765F9}.Debug|Any CPU.Build.0 = Debug|Any CPU
		{08A5BBFB-0750-4953-9AAD-FA99418765F9}.Release|Any CPU.ActiveCfg = Release|Any CPU
		{08A5BBFB-0750-4953-9AAD-FA99418765F9}.Release|Any CPU.Build.0 = Release|Any CPU
		{48EEE77F-3E45-492C-95D6-529ACAA5BC23}.Debug|Any CPU.ActiveCfg = Debug|Any CPU
		{48EEE77F-3E45-492C-95D6-529ACAA5BC23}.Debug|Any CPU.Build.0 = Debug|Any CPU
		{48EEE77F-3E45-492C-95D6-529ACAA5BC23}.Release|Any CPU.ActiveCfg = Release|Any CPU
		{48EEE77F-3E45-492C-95D6-529ACAA5BC23}.Release|Any CPU.Build.0 = Release|Any CPU
	EndGlobalSection
	GlobalSection(SolutionProperties) = preSolution
		HideSolutionNode = FALSE
	EndGlobalSection
	GlobalSection(ExtensibilityGlobals) = postSolution
		SolutionGuid = {6BEB46D7-B82E-421A-9605-174BFB818A2F}
	EndGlobalSection
EndGlobal
